// !$*UTF8*$!
{
	archiveVersion = 1;
	classes = {
	};
	objectVersion = 55;
	objects = {

/* Begin PBXBuildFile section */
		8453D47D283F8C18000B5176 /* main.cpp in Sources */ = {isa = PBXBuildFile; fileRef = 8453D47C283F8C18000B5176 /* main.cpp */; };
		8453D484283F8D1B000B5176 /* Application.cpp in Sources */ = {isa = PBXBuildFile; fileRef = 8453D483283F8D1B000B5176 /* Application.cpp */; };
		8453D486283F8D38000B5176 /* Derived_2.cpp in Sources */ = {isa = PBXBuildFile; fileRef = 8453D485283F8D38000B5176 /* Derived_2.cpp */; };
		8453D488283F8D4A000B5176 /* Derived_3.cpp in Sources */ = {isa = PBXBuildFile; fileRef = 8453D487283F8D4A000B5176 /* Derived_3.cpp */; };
		8453D48A283F8D57000B5176 /* Derived_4.cpp in Sources */ = {isa = PBXBuildFile; fileRef = 8453D489283F8D57000B5176 /* Derived_4.cpp */; };
		8453D48C283F8D67000B5176 /* Derived_5.cpp in Sources */ = {isa = PBXBuildFile; fileRef = 8453D48B283F8D67000B5176 /* Derived_5.cpp */; };
		8453D48E283F8D77000B5176 /* Derived_6.cpp in Sources */ = {isa = PBXBuildFile; fileRef = 8453D48D283F8D77000B5176 /* Derived_6.cpp */; };
		8453D490283F8D98000B5176 /* Object.cpp in Sources */ = {isa = PBXBuildFile; fileRef = 8453D48F283F8D98000B5176 /* Object.cpp */; };
/* End PBXBuildFile section */

/* Begin PBXCopyFilesBuildPhase section */
		8453D477283F8C18000B5176 /* CopyFiles */ = {
			isa = PBXCopyFilesBuildPhase;
			buildActionMask = 2147483647;
			dstPath = /usr/share/man/man1/;
			dstSubfolderSpec = 0;
			files = (
			);
			runOnlyForDeploymentPostprocessing = 1;
		};
/* End PBXCopyFilesBuildPhase section */

/* Begin PBXFileReference section */
		8453D479283F8C18000B5176 /* dissertation_cource_1 */ = {isa = PBXFileReference; explicitFileType = "compiled.mach-o.executable"; includeInIndex = 0; path = dissertation_cource_1; sourceTree = BUILT_PRODUCTS_DIR; };
		8453D47C283F8C18000B5176 /* main.cpp */ = {isa = PBXFileReference; lastKnownFileType = sourcecode.cpp.cpp; path = main.cpp; sourceTree = "<group>"; };
		8453D483283F8D1B000B5176 /* Application.cpp */ = {isa = PBXFileReference; lastKnownFileType = sourcecode.cpp.cpp; path = Application.cpp; sourceTree = "<group>"; };
		8453D485283F8D38000B5176 /* Derived_2.cpp */ = {isa = PBXFileReference; lastKnownFileType = sourcecode.cpp.cpp; path = Derived_2.cpp; sourceTree = "<group>"; };
		8453D487283F8D4A000B5176 /* Derived_3.cpp */ = {isa = PBXFileReference; lastKnownFileType = sourcecode.cpp.cpp; path = Derived_3.cpp; sourceTree = "<group>"; };
		8453D489283F8D57000B5176 /* Derived_4.cpp */ = {isa = PBXFileReference; lastKnownFileType = sourcecode.cpp.cpp; path = Derived_4.cpp; sourceTree = "<group>"; };
		8453D48B283F8D67000B5176 /* Derived_5.cpp */ = {isa = PBXFileReference; lastKnownFileType = sourcecode.cpp.cpp; path = Derived_5.cpp; sourceTree = "<group>"; };
		8453D48D283F8D77000B5176 /* Derived_6.cpp */ = {isa = PBXFileReference; lastKnownFileType = sourcecode.cpp.cpp; path = Derived_6.cpp; sourceTree = "<group>"; };
		8453D48F283F8D98000B5176 /* Object.cpp */ = {isa = PBXFileReference; lastKnownFileType = sourcecode.cpp.cpp; path = Object.cpp; sourceTree = "<group>"; };
		8453D491283F8DB6000B5176 /* Application.h */ = {isa = PBXFileReference; lastKnownFileType = sourcecode.c.h; path = Application.h; sourceTree = "<group>"; };
		8470C3B0283F8DE100BCE09B /* Derived_2.h */ = {isa = PBXFileReference; lastKnownFileType = sourcecode.c.h; path = Derived_2.h; sourceTree = "<group>"; };
		8470C3B1283F8DEF00BCE09B /* Derived_3.h */ = {isa = PBXFileReference; lastKnownFileType = sourcecode.c.h; path = Derived_3.h; sourceTree = "<group>"; };
		8470C3B2283F8DF500BCE09B /* Derived_4.h */ = {isa = PBXFileReference; lastKnownFileType = sourcecode.c.h; path = Derived_4.h; sourceTree = "<group>"; };
		8470C3B3283F8E0400BCE09B /* Derived_5.h */ = {isa = PBXFileReference; lastKnownFileType = sourcecode.c.h; path = Derived_5.h; sourceTree = "<group>"; };
		8470C3B4283F8E0E00BCE09B /* Derived_6.h */ = {isa = PBXFileReference; lastKnownFileType = sourcecode.c.h; path = Derived_6.h; sourceTree = "<group>"; };
		8470C3B5283F8E1700BCE09B /* Object.h */ = {isa = PBXFileReference; lastKnownFileType = sourcecode.c.h; path = Object.h; sourceTree = "<group>"; };
/* End PBXFileReference section */

/* Begin PBXFrameworksBuildPhase section */
		8453D476283F8C18000B5176 /* Frameworks */ = {
			isa = PBXFrameworksBuildPhase;
			buildActionMask = 2147483647;
			files = (
			);
			runOnlyForDeploymentPostprocessing = 0;
		};
/* End PBXFrameworksBuildPhase section */

/* Begin PBXGroup section */
		8453D470283F8C18000B5176 = {
			isa = PBXGroup;
			children = (
				8453D47C283F8C18000B5176 /* main.cpp */,
				8453D483283F8D1B000B5176 /* Application.cpp */,
				8453D485283F8D38000B5176 /* Derived_2.cpp */,
				8453D487283F8D4A000B5176 /* Derived_3.cpp */,
				8453D489283F8D57000B5176 /* Derived_4.cpp */,
				8453D48B283F8D67000B5176 /* Derived_5.cpp */,
				8453D48D283F8D77000B5176 /* Derived_6.cpp */,
				8453D48F283F8D98000B5176 /* Object.cpp */,
				8453D491283F8DB6000B5176 /* Application.h */,
				8470C3B0283F8DE100BCE09B /* Derived_2.h */,
				8470C3B1283F8DEF00BCE09B /* Derived_3.h */,
				8470C3B2283F8DF500BCE09B /* Derived_4.h */,
				8470C3B3283F8E0400BCE09B /* Derived_5.h */,
				8470C3B4283F8E0E00BCE09B /* Derived_6.h */,
				8470C3B5283F8E1700BCE09B /* Object.h */,
				8453D47A283F8C18000B5176 /* Products */,
			);
			sourceTree = "<group>";
		};
		8453D47A283F8C18000B5176 /* Products */ = {
			isa = PBXGroup;
			children = (
				8453D479283F8C18000B5176 /* dissertation_cource_1 */,
			);
			name = Products;
			sourceTree = "<group>";
		};
/* End PBXGroup section */

/* Begin PBXNativeTarget section */
		8453D478283F8C18000B5176 /* dissertation_cource_1 */ = {
			isa = PBXNativeTarget;
			buildConfigurationList = 8453D480283F8C18000B5176 /* Build configuration list for PBXNativeTarget "dissertation_cource_1" */;
			buildPhases = (
				8453D475283F8C18000B5176 /* Sources */,
				8453D476283F8C18000B5176 /* Frameworks */,
				8453D477283F8C18000B5176 /* CopyFiles */,
			);
			buildRules = (
			);
			dependencies = (
			);
			name = dissertation_cource_1;
			productName = dissertation_cource_1;
			productReference = 8453D479283F8C18000B5176 /* dissertation_cource_1 */;
			productType = "com.apple.product-type.tool";
		};
/* End PBXNativeTarget section */

/* Begin PBXProject section */
		8453D471283F8C18000B5176 /* Project object */ = {
			isa = PBXProject;
			attributes = {
				BuildIndependentTargetsInParallel = 1;
				LastUpgradeCheck = 1330;
				TargetAttributes = {
					8453D478283F8C18000B5176 = {
						CreatedOnToolsVersion = 13.3.1;
					};
				};
			};
			buildConfigurationList = 8453D474283F8C18000B5176 /* Build configuration list for PBXProject "dissertation_cource_1" */;
			compatibilityVersion = "Xcode 13.0";
			developmentRegion = en;
			hasScannedForEncodings = 0;
			knownRegions = (
				en,
				Base,
			);
			mainGroup = 8453D470283F8C18000B5176;
			productRefGroup = 8453D47A283F8C18000B5176 /* Products */;
			projectDirPath = "";
			projectRoot = "";
			targets = (
				8453D478283F8C18000B5176 /* dissertation_cource_1 */,
			);
		};
/* End PBXProject section */

/* Begin PBXSourcesBuildPhase section */
		8453D475283F8C18000B5176 /* Sources */ = {
			isa = PBXSourcesBuildPhase;
			buildActionMask = 2147483647;
			files = (
				8453D484283F8D1B000B5176 /* Application.cpp in Sources */,
				8453D48C283F8D67000B5176 /* Derived_5.cpp in Sources */,
				8453D490283F8D98000B5176 /* Object.cpp in Sources */,
				8453D48E283F8D77000B5176 /* Derived_6.cpp in Sources */,
				8453D48A283F8D57000B5176 /* Derived_4.cpp in Sources */,
				8453D486283F8D38000B5176 /* Derived_2.cpp in Sources */,
				8453D47D283F8C18000B5176 /* main.cpp in Sources */,
				8453D488283F8D4A000B5176 /* Derived_3.cpp in Sources */,
			);
			runOnlyForDeploymentPostprocessing = 0;
		};
/* End PBXSourcesBuildPhase section */

/* Begin XCBuildConfiguration section */
		8453D47E283F8C18000B5176 /* Debug */ = {
			isa = XCBuildConfiguration;
			buildSettings = {
				ALWAYS_SEARCH_USER_PATHS = NO;
				CLANG_ANALYZER_NONNULL = YES;
				CLANG_ANALYZER_NUMBER_OBJECT_CONVERSION = YES_AGGRESSIVE;
				CLANG_CXX_LANGUAGE_STANDARD = "gnu++17";
				CLANG_ENABLE_MODULES = YES;
				CLANG_ENABLE_OBJC_ARC = YES;
				CLANG_ENABLE_OBJC_WEAK = YES;
				CLANG_WARN_BLOCK_CAPTURE_AUTORELEASING = YES;
				CLANG_WARN_BOOL_CONVERSION = YES;
				CLANG_WARN_COMMA = YES;
				CLANG_WARN_CONSTANT_CONVERSION = YES;
				CLANG_WARN_DEPRECATED_OBJC_IMPLEMENTATIONS = YES;
				CLANG_WARN_DIRECT_OBJC_ISA_USAGE = YES_ERROR;
				CLANG_WARN_DOCUMENTATION_COMMENTS = YES;
				CLANG_WARN_EMPTY_BODY = YES;
				CLANG_WARN_ENUM_CONVERSION = YES;
				CLANG_WARN_INFINITE_RECURSION = YES;
				CLANG_WARN_INT_CONVERSION = YES;
				CLANG_WARN_NON_LITERAL_NULL_CONVERSION = YES;
				CLANG_WARN_OBJC_IMPLICIT_RETAIN_SELF = YES;
				CLANG_WARN_OBJC_LITERAL_CONVERSION = YES;
				CLANG_WARN_OBJC_ROOT_CLASS = YES_ERROR;
				CLANG_WARN_QUOTED_INCLUDE_IN_FRAMEWORK_HEADER = YES;
				CLANG_WARN_RANGE_LOOP_ANALYSIS = YES;
				CLANG_WARN_STRICT_PROTOTYPES = YES;
				CLANG_WARN_SUSPICIOUS_MOVE = YES;
				CLANG_WARN_UNGUARDED_AVAILABILITY = YES_AGGRESSIVE;
				CLANG_WARN_UNREACHABLE_CODE = YES;
				CLANG_WARN__DUPLICATE_METHOD_MATCH = YES;
				COPY_PHASE_STRIP = NO;
				DEBUG_INFORMATION_FORMAT = dwarf;
				ENABLE_STRICT_OBJC_MSGSEND = YES;
				ENABLE_TESTABILITY = YES;
				GCC_C_LANGUAGE_STANDARD = gnu11;
				GCC_DYNAMIC_NO_PIC = NO;
				GCC_NO_COMMON_BLOCKS = YES;
				GCC_OPTIMIZATION_LEVEL = 0;
				GCC_PREPROCESSOR_DEFINITIONS = (
					"DEBUG=1",
					"$(inherited)",
				);
				GCC_WARN_64_TO_32_BIT_CONVERSION = YES;
				GCC_WARN_ABOUT_RETURN_TYPE = YES_ERROR;
				GCC_WARN_UNDECLARED_SELECTOR = YES;
				GCC_WARN_UNINITIALIZED_AUTOS = YES_AGGRESSIVE;
				GCC_WARN_UNUSED_FUNCTION = YES;
				GCC_WARN_UNUSED_VARIABLE = YES;
				MACOSX_DEPLOYMENT_TARGET = 12.3;
				MTL_ENABLE_DEBUG_INFO = INCLUDE_SOURCE;
				MTL_FAST_MATH = YES;
				ONLY_ACTIVE_ARCH = YES;
				SDKROOT = macosx;
			};
			name = Debug;
		};
		8453D47F283F8C18000B5176 /* Release */ = {
			isa = XCBuildConfiguration;
			buildSettings = {
				ALWAYS_SEARCH_USER_PATHS = NO;
				CLANG_ANALYZER_NONNULL = YES;
				CLANG_ANALYZER_NUMBER_OBJECT_CONVERSION = YES_AGGRESSIVE;
				CLANG_CXX_LANGUAGE_STANDARD = "gnu++17";
				CLANG_ENABLE_MODULES = YES;
				CLANG_ENABLE_OBJC_ARC = YES;
				CLANG_ENABLE_OBJC_WEAK = YES;
				CLANG_WARN_BLOCK_CAPTURE_AUTORELEASING = YES;
				CLANG_WARN_BOOL_CONVERSION = YES;
				CLANG_WARN_COMMA = YES;
				CLANG_WARN_CONSTANT_CONVERSION = YES;
				CLANG_WARN_DEPRECATED_OBJC_IMPLEMENTATIONS = YES;
				CLANG_WARN_DIRECT_OBJC_ISA_USAGE = YES_ERROR;
				CLANG_WARN_DOCUMENTATION_COMMENTS = YES;
				CLANG_WARN_EMPTY_BODY = YES;
				CLANG_WARN_ENUM_CONVERSION = YES;
				CLANG_WARN_INFINITE_RECURSION = YES;
				CLANG_WARN_INT_CONVERSION = YES;
				CLANG_WARN_NON_LITERAL_NULL_CONVERSION = YES;
				CLANG_WARN_OBJC_IMPLICIT_RETAIN_SELF = YES;
				CLANG_WARN_OBJC_LITERAL_CONVERSION = YES;
				CLANG_WARN_OBJC_ROOT_CLASS = YES_ERROR;
				CLANG_WARN_QUOTED_INCLUDE_IN_FRAMEWORK_HEADER = YES;
				CLANG_WARN_RANGE_LOOP_ANALYSIS = YES;
				CLANG_WARN_STRICT_PROTOTYPES = YES;
				CLANG_WARN_SUSPICIOUS_MOVE = YES;
				CLANG_WARN_UNGUARDED_AVAILABILITY = YES_AGGRESSIVE;
				CLANG_WARN_UNREACHABLE_CODE = YES;
				CLANG_WARN__DUPLICATE_METHOD_MATCH = YES;
				COPY_PHASE_STRIP = NO;
				DEBUG_INFORMATION_FORMAT = "dwarf-with-dsym";
				ENABLE_NS_ASSERTIONS = NO;
				ENABLE_STRICT_OBJC_MSGSEND = YES;
				GCC_C_LANGUAGE_STANDARD = gnu11;
				GCC_NO_COMMON_BLOCKS = YES;
				GCC_WARN_64_TO_32_BIT_CONVERSION = YES;
				GCC_WARN_ABOUT_RETURN_TYPE = YES_ERROR;
				GCC_WARN_UNDECLARED_SELECTOR = YES;
				GCC_WARN_UNINITIALIZED_AUTOS = YES_AGGRESSIVE;
				GCC_WARN_UNUSED_FUNCTION = YES;
				GCC_WARN_UNUSED_VARIABLE = YES;
				MACOSX_DEPLOYMENT_TARGET = 12.3;
				MTL_ENABLE_DEBUG_INFO = NO;
				MTL_FAST_MATH = YES;
				SDKROOT = macosx;
			};
			name = Release;
		};
		8453D481283F8C18000B5176 /* Debug */ = {
			isa = XCBuildConfiguration;
			buildSettings = {
				CODE_SIGN_STYLE = Automatic;
				PRODUCT_NAME = "$(TARGET_NAME)";
			};
			name = Debug;
		};
		8453D482283F8C18000B5176 /* Release */ = {
			isa = XCBuildConfiguration;
			buildSettings = {
				CODE_SIGN_STYLE = Automatic;
				PRODUCT_NAME = "$(TARGET_NAME)";
			};
			name = Release;
		};
/* End XCBuildConfiguration section */

/* Begin XCConfigurationList section */
		8453D474283F8C18000B5176 /* Build configuration list for PBXProject "dissertation_cource_1" */ = {
			isa = XCConfigurationList;
			buildConfigurations = (
				8453D47E283F8C18000B5176 /* Debug */,
				8453D47F283F8C18000B5176 /* Release */,
			);
			defaultConfigurationIsVisible = 0;
			defaultConfigurationName = Release;
		};
		8453D480283F8C18000B5176 /* Build configuration list for PBXNativeTarget "dissertation_cource_1" */ = {
			isa = XCConfigurationList;
			buildConfigurations = (
				8453D481283F8C18000B5176 /* Debug */,
				8453D482283F8C18000B5176 /* Release */,
			);
			defaultConfigurationIsVisible = 0;
			defaultConfigurationName = Release;
		};
/* End XCConfigurationList section */
	};
	rootObject = 8453D471283F8C18000B5176 /* Project object */;
}
